
Microsoft Visual Studio Solution File, Format Version 12.00
# Visual Studio Version 17
VisualStudioVersion = 17.1.32328.378
MinimumVisualStudioVersion = 10.0.40219.1
Project("{FAE04EC0-301F-11D3-BF4B-00C04F79EFBC}") = "Basic-Auction-System", "Basic-Auction-System\Basic-Auction-System.csproj", "{92563C5F-6DF3-47E9-9DA3-C0B5A60ACE1D}"
EndProject
Global
	GlobalSection(SolutionConfigurationPlatforms) = preSolution
		Debug|Any CPU = Debug|Any CPU
		Release|Any CPU = Release|Any CPU
	EndGlobalSection
	GlobalSection(ProjectConfigurationPlatforms) = postSolution
		{92563C5F-6DF3-47E9-9DA3-C0B5A60ACE1D}.Debug|Any CPU.ActiveCfg = Debug|Any CPU
		{92563C5F-6DF3-47E9-9DA3-C0B5A60ACE1D}.Debug|Any CPU.Build.0 = Debug|Any CPU
		{92563C5F-6DF3-47E9-9DA3-C0B5A60ACE1D}.Release|Any CPU.ActiveCfg = Release|Any CPU
		{92563C5F-6DF3-47E9-9DA3-C0B5A60ACE1D}.Release|Any CPU.Build.0 = Release|Any CPU
	EndGlobalSection
	GlobalSection(SolutionProperties) = preSolution
		HideSolutionNode = FALSE
	EndGlobalSection
	GlobalSection(ExtensibilityGlobals) = postSolution
		SolutionGuid = {B09E5EF8-95EE-4F76-851F-2422B89A2AEA}
	EndGlobalSection
EndGlobal
